
Microsoft Visual Studio Solution File, Format Version 12.00
# Visual Studio Version 17
VisualStudioVersion = 17.14.36327.8 d17.14
MinimumVisualStudioVersion = 10.0.40219.1
Project("{FAE04EC0-301F-11D3-BF4B-00C04F79EFBC}") = "LatihanMethod1", "LatihanMethod1\LatihanMethod1.csproj", "{6807CC0D-97F8-43E5-9264-5CB6AC96075D}"
EndProject
Global
	GlobalSection(SolutionConfigurationPlatforms) = preSolution
		Debug|Any CPU = Debug|Any CPU
		Release|Any CPU = Release|Any CPU
	EndGlobalSection
	GlobalSection(ProjectConfigurationPlatforms) = postSolution
		{6807CC0D-97F8-43E5-9264-5CB6AC96075D}.Debug|Any CPU.ActiveCfg = Debug|Any CPU
		{6807CC0D-97F8-43E5-9264-5CB6AC96075D}.Debug|Any CPU.Build.0 = Debug|Any CPU
		{6807CC0D-97F8-43E5-9264-5CB6AC96075D}.Release|Any CPU.ActiveCfg = Release|Any CPU
		{6807CC0D-97F8-43E5-9264-5CB6AC96075D}.Release|Any CPU.Build.0 = Release|Any CPU
	EndGlobalSection
	GlobalSection(SolutionProperties) = preSolution
		HideSolutionNode = FALSE
	EndGlobalSection
	GlobalSection(ExtensibilityGlobals) = postSolution
		SolutionGuid = {AC9C72B4-BF03-49C6-8264-C2F294220524}
	EndGlobalSection
EndGlobal
